
Microsoft Visual Studio Solution File, Format Version 12.00
# Visual Studio Version 16
VisualStudioVersion = 16.0.30011.22
MinimumVisualStudioVersion = 10.0.40219.1
Project("{9A19103F-16F7-4668-BE54-9A1E7A4F7556}") = "SpecCoreLib", "SpecCoreLib\SpecCoreLib.csproj", "{3C722CF7-42BD-444F-BF79-117E1ADA5431}"
EndProject
Project("{9A19103F-16F7-4668-BE54-9A1E7A4F7556}") = "SpecCoreLib.Demo", "SpecCoreLib.Demo\SpecCoreLib.Demo.csproj", "{38C2D880-2F8E-40E5-BCC5-3B9A92364FAF}"
EndProject
Project("{2150E333-8FDC-42A3-9474-1A3956D46DE8}") = "GitBits", "GitBits", "{5B1B4E90-30C1-468B-B40E-AE9FFB05D164}"
	ProjectSection(SolutionItems) = preProject
		README.md = README.md
		SpeccyEngine glyphs.png = SpeccyEngine glyphs.png
		SpeccyEngine rocket.png = SpeccyEngine rocket.png
	EndProjectSection
EndProject
Global
	GlobalSection(SolutionConfigurationPlatforms) = preSolution
		Debug|Any CPU = Debug|Any CPU
		Release|Any CPU = Release|Any CPU
	EndGlobalSection
	GlobalSection(ProjectConfigurationPlatforms) = postSolution
		{3C722CF7-42BD-444F-BF79-117E1ADA5431}.Debug|Any CPU.ActiveCfg = Debug|Any CPU
		{3C722CF7-42BD-444F-BF79-117E1ADA5431}.Debug|Any CPU.Build.0 = Debug|Any CPU
		{3C722CF7-42BD-444F-BF79-117E1ADA5431}.Release|Any CPU.ActiveCfg = Release|Any CPU
		{3C722CF7-42BD-444F-BF79-117E1ADA5431}.Release|Any CPU.Build.0 = Release|Any CPU
		{38C2D880-2F8E-40E5-BCC5-3B9A92364FAF}.Debug|Any CPU.ActiveCfg = Debug|Any CPU
		{38C2D880-2F8E-40E5-BCC5-3B9A92364FAF}.Debug|Any CPU.Build.0 = Debug|Any CPU
		{38C2D880-2F8E-40E5-BCC5-3B9A92364FAF}.Release|Any CPU.ActiveCfg = Release|Any CPU
		{38C2D880-2F8E-40E5-BCC5-3B9A92364FAF}.Release|Any CPU.Build.0 = Release|Any CPU
	EndGlobalSection
	GlobalSection(SolutionProperties) = preSolution
		HideSolutionNode = FALSE
	EndGlobalSection
	GlobalSection(ExtensibilityGlobals) = postSolution
		SolutionGuid = {4303F378-2746-469B-9DAB-8512CD144C29}
	EndGlobalSection
EndGlobal
