
Microsoft Visual Studio Solution File, Format Version 12.00
# Visual Studio Version 16
VisualStudioVersion = 16.0.30011.22
MinimumVisualStudioVersion = 10.0.40219.1
Project("{9A19103F-16F7-4668-BE54-9A1E7A4F7556}") = "SpecCoreLib", "SpecCoreLib\SpecCoreLib.csproj", "{3C722CF7-42BD-444F-BF79-117E1ADA5431}"
EndProject
Project("{9A19103F-16F7-4668-BE54-9A1E7A4F7556}") = "SpecCoreLib.Demo", "SpecCoreLib.Demo\SpecCoreLib.Demo.csproj", "{38C2D880-2F8E-40E5-BCC5-3B9A92364FAF}"
EndProject
Global
	GlobalSection(SolutionConfigurationPlatforms) = preSolution
		Debug|Any CPU = Debug|Any CPU
		Release|Any CPU = Release|Any CPU
	EndGlobalSection
	GlobalSection(ProjectConfigurationPlatforms) = postSolution
		{3C722CF7-42BD-444F-BF79-117E1ADA5431}.Debug|Any CPU.ActiveCfg = Debug|Any CPU
		{3C722CF7-42BD-444F-BF79-117E1ADA5431}.Debug|Any CPU.Build.0 = Debug|Any CPU
		{3C722CF7-42BD-444F-BF79-117E1ADA5431}.Release|Any CPU.ActiveCfg = Release|Any CPU
		{3C722CF7-42BD-444F-BF79-117E1ADA5431}.Release|Any CPU.Build.0 = Release|Any CPU
		{38C2D880-2F8E-40E5-BCC5-3B9A92364FAF}.Debug|Any CPU.ActiveCfg = Debug|Any CPU
		{38C2D880-2F8E-40E5-BCC5-3B9A92364FAF}.Debug|Any CPU.Build.0 = Debug|Any CPU
		{38C2D880-2F8E-40E5-BCC5-3B9A92364FAF}.Release|Any CPU.ActiveCfg = Release|Any CPU
		{38C2D880-2F8E-40E5-BCC5-3B9A92364FAF}.Release|Any CPU.Build.0 = Release|Any CPU
	EndGlobalSection
	GlobalSection(SolutionProperties) = preSolution
		HideSolutionNode = FALSE
	EndGlobalSection
	GlobalSection(ExtensibilityGlobals) = postSolution
		SolutionGuid = {4303F378-2746-469B-9DAB-8512CD144C29}
	EndGlobalSection
EndGlobal
